// !$*UTF8*$!
{
	archiveVersion = 1;
	classes = {
	};
	objectVersion = 46;
	objects = {

/* Begin PBXBuildFile section */
		1B5C058C15B56468003802FD /* background.jpg in Resources */ = {isa = PBXBuildFile; fileRef = 1B5C058B15B56468003802FD /* background.jpg */; };
		1B5C059C15B59ADD003802FD /* LogInViewController.m in Sources */ = {isa = PBXBuildFile; fileRef = 1B5C059915B59ADD003802FD /* LogInViewController.m */; };
		1B5C059D15B59ADD003802FD /* LogInViewController.xib in Resources */ = {isa = PBXBuildFile; fileRef = 1B5C059A15B59ADD003802FD /* LogInViewController.xib */; };
		1B6C99B715A1F048001DEAE1 /* ASIAuthenticationDialog.m in Sources */ = {isa = PBXBuildFile; fileRef = 1B6C99A815A1F048001DEAE1 /* ASIAuthenticationDialog.m */; };
		1B6C99B815A1F048001DEAE1 /* ASIInputStream.m in Sources */ = {isa = PBXBuildFile; fileRef = 1B6C99AA15A1F048001DEAE1 /* ASIInputStream.m */; };
		1B6C99B915A1F048001DEAE1 /* ASIFormDataRequest.m in Sources */ = {isa = PBXBuildFile; fileRef = 1B6C99AC15A1F048001DEAE1 /* ASIFormDataRequest.m */; };
		1B6C99BA15A1F048001DEAE1 /* ASIHTTPRequest.m in Sources */ = {isa = PBXBuildFile; fileRef = 1B6C99AE15A1F048001DEAE1 /* ASIHTTPRequest.m */; };
		1B6C99BB15A1F048001DEAE1 /* ASINetworkQueue.m in Sources */ = {isa = PBXBuildFile; fileRef = 1B6C99B015A1F048001DEAE1 /* ASINetworkQueue.m */; };
		1B6C99BC15A1F048001DEAE1 /* ASIDownloadCache.m in Sources */ = {isa = PBXBuildFile; fileRef = 1B6C99B215A1F048001DEAE1 /* ASIDownloadCache.m */; };
		1B6C99BD15A1F048001DEAE1 /* ASIDataDecompressor.m in Sources */ = {isa = PBXBuildFile; fileRef = 1B6C99B415A1F048001DEAE1 /* ASIDataDecompressor.m */; };
		1B6C99BE15A1F048001DEAE1 /* ASIDataCompressor.m in Sources */ = {isa = PBXBuildFile; fileRef = 1B6C99B615A1F048001DEAE1 /* ASIDataCompressor.m */; };
		1B6C99C115A1F053001DEAE1 /* Reachability.m in Sources */ = {isa = PBXBuildFile; fileRef = 1B6C99C015A1F053001DEAE1 /* Reachability.m */; };
		1B88102E15B3FA4C00BF930D /* MessageUI.framework in Frameworks */ = {isa = PBXBuildFile; fileRef = 1B88102D15B3FA4C00BF930D /* MessageUI.framework */; };
		1BAA4C6A15A2DF28009094CE /* FBConnect.bundle in Resources */ = {isa = PBXBuildFile; fileRef = 1BAA4C6915A2DF28009094CE /* FBConnect.bundle */; };
		1BAA4C7515A2E2F6009094CE /* ASIAuthenticationDialog.m in Sources */ = {isa = PBXBuildFile; fileRef = 1B6C99A815A1F048001DEAE1 /* ASIAuthenticationDialog.m */; settings = {COMPILER_FLAGS = "-fno-objc-arc"; }; };
		1BAA4C7615A2E2FB009094CE /* ASIInputStream.m in Sources */ = {isa = PBXBuildFile; fileRef = 1B6C99AA15A1F048001DEAE1 /* ASIInputStream.m */; settings = {COMPILER_FLAGS = "-fno-objc-arc"; }; };
		1BAA4C7715A2E308009094CE /* ASIFormDataRequest.m in Sources */ = {isa = PBXBuildFile; fileRef = 1B6C99AC15A1F048001DEAE1 /* ASIFormDataRequest.m */; settings = {COMPILER_FLAGS = "-fno-objc-arc"; }; };
		1BAA4C7815A2E308009094CE /* ASIHTTPRequest.m in Sources */ = {isa = PBXBuildFile; fileRef = 1B6C99AE15A1F048001DEAE1 /* ASIHTTPRequest.m */; settings = {COMPILER_FLAGS = "-fno-objc-arc"; }; };
		1BAA4C7915A2E308009094CE /* ASINetworkQueue.m in Sources */ = {isa = PBXBuildFile; fileRef = 1B6C99B015A1F048001DEAE1 /* ASINetworkQueue.m */; settings = {COMPILER_FLAGS = "-fno-objc-arc"; }; };
		1BAA4C7A15A2E308009094CE /* ASIDownloadCache.m in Sources */ = {isa = PBXBuildFile; fileRef = 1B6C99B215A1F048001DEAE1 /* ASIDownloadCache.m */; settings = {COMPILER_FLAGS = "-fno-objc-arc"; }; };
		1BAA4C7B15A2E308009094CE /* ASIDataDecompressor.m in Sources */ = {isa = PBXBuildFile; fileRef = 1B6C99B415A1F048001DEAE1 /* ASIDataDecompressor.m */; settings = {COMPILER_FLAGS = "-fno-objc-arc"; }; };
		1BAA4C7C15A2E308009094CE /* ASIDataCompressor.m in Sources */ = {isa = PBXBuildFile; fileRef = 1B6C99B615A1F048001DEAE1 /* ASIDataCompressor.m */; settings = {COMPILER_FLAGS = "-fno-objc-arc"; }; };
		1BAA4C7D15A2E308009094CE /* Reachability.m in Sources */ = {isa = PBXBuildFile; fileRef = 1B6C99C015A1F053001DEAE1 /* Reachability.m */; settings = {COMPILER_FLAGS = "-fno-objc-arc"; }; };
		1BAA4C7F15A2E3BB009094CE /* CFNetwork.framework in Frameworks */ = {isa = PBXBuildFile; fileRef = 1BAA4C7E15A2E3BB009094CE /* CFNetwork.framework */; };
		1BAA4C8115A2E3C5009094CE /* MobileCoreServices.framework in Frameworks */ = {isa = PBXBuildFile; fileRef = 1BAA4C8015A2E3C5009094CE /* MobileCoreServices.framework */; };
		1BAA4C8315A2E3D0009094CE /* SystemConfiguration.framework in Frameworks */ = {isa = PBXBuildFile; fileRef = 1BAA4C8215A2E3D0009094CE /* SystemConfiguration.framework */; };
		1BAA4C8515A2E49D009094CE /* libz.dylib in Frameworks */ = {isa = PBXBuildFile; fileRef = 1BAA4C8415A2E49D009094CE /* libz.dylib */; };
		1BCC031E159461F600B412F7 /* UIKit.framework in Frameworks */ = {isa = PBXBuildFile; fileRef = 1BCC031D159461F600B412F7 /* UIKit.framework */; };
		1BCC0320159461F600B412F7 /* Foundation.framework in Frameworks */ = {isa = PBXBuildFile; fileRef = 1BCC031F159461F600B412F7 /* Foundation.framework */; };
		1BCC0322159461F600B412F7 /* CoreGraphics.framework in Frameworks */ = {isa = PBXBuildFile; fileRef = 1BCC0321159461F600B412F7 /* CoreGraphics.framework */; };
		1BCC0328159461F600B412F7 /* InfoPlist.strings in Resources */ = {isa = PBXBuildFile; fileRef = 1BCC0326159461F600B412F7 /* InfoPlist.strings */; };
		1BCC032A159461F600B412F7 /* main.m in Sources */ = {isa = PBXBuildFile; fileRef = 1BCC0329159461F600B412F7 /* main.m */; };
		1BCC032E159461F600B412F7 /* AppDelegate.m in Sources */ = {isa = PBXBuildFile; fileRef = 1BCC032D159461F600B412F7 /* AppDelegate.m */; };
		1BCC0331159461F600B412F7 /* MasterViewController.m in Sources */ = {isa = PBXBuildFile; fileRef = 1BCC0330159461F600B412F7 /* MasterViewController.m */; };
		1BCC0334159461F600B412F7 /* DetailViewController.m in Sources */ = {isa = PBXBuildFile; fileRef = 1BCC0333159461F600B412F7 /* DetailViewController.m */; };
		1BCC0337159461F600B412F7 /* MasterViewController.xib in Resources */ = {isa = PBXBuildFile; fileRef = 1BCC0335159461F600B412F7 /* MasterViewController.xib */; };
		1BCC033A159461F600B412F7 /* DetailViewController.xib in Resources */ = {isa = PBXBuildFile; fileRef = 1BCC0338159461F600B412F7 /* DetailViewController.xib */; };
		1BCC0342159461F700B412F7 /* SenTestingKit.framework in Frameworks */ = {isa = PBXBuildFile; fileRef = 1BCC0341159461F700B412F7 /* SenTestingKit.framework */; };
		1BCC0343159461F700B412F7 /* UIKit.framework in Frameworks */ = {isa = PBXBuildFile; fileRef = 1BCC031D159461F600B412F7 /* UIKit.framework */; };
		1BCC0344159461F700B412F7 /* Foundation.framework in Frameworks */ = {isa = PBXBuildFile; fileRef = 1BCC031F159461F600B412F7 /* Foundation.framework */; };
		1BCC034C159461F700B412F7 /* InfoPlist.strings in Resources */ = {isa = PBXBuildFile; fileRef = 1BCC034A159461F700B412F7 /* InfoPlist.strings */; };
		1BCC034F159461F700B412F7 /* DePictionTests.m in Sources */ = {isa = PBXBuildFile; fileRef = 1BCC034E159461F700B412F7 /* DePictionTests.m */; };
		1BCC03DB159472B000B412F7 /* FBDialog.bundle in Resources */ = {isa = PBXBuildFile; fileRef = 1BCC03CE159472B000B412F7 /* FBDialog.bundle */; };
		1BCC03DC159472B000B412F7 /* libfacebook_ios_sdk.a in Frameworks */ = {isa = PBXBuildFile; fileRef = 1BCC03D4159472B000B412F7 /* libfacebook_ios_sdk.a */; };
		1BCC03DF1594766E00B412F7 /* DataSet.m in Sources */ = {isa = PBXBuildFile; fileRef = 1BCC03DE1594766E00B412F7 /* DataSet.m */; };
		1BCC03E01594775D00B412F7 /* DataSet.m in Sources */ = {isa = PBXBuildFile; fileRef = 1BCC03DE1594766E00B412F7 /* DataSet.m */; settings = {COMPILER_FLAGS = "-fno-objc-arc"; }; };
		1BCC03E5159477E900B412F7 /* APICallsViewController.m in Sources */ = {isa = PBXBuildFile; fileRef = 1BCC03E2159477E800B412F7 /* APICallsViewController.m */; };
		1BCC03E6159477E900B412F7 /* APIResultsViewController.m in Sources */ = {isa = PBXBuildFile; fileRef = 1BCC03E4159477E800B412F7 /* APIResultsViewController.m */; };
		1BCC03E71594791000B412F7 /* APICallsViewController.m in Sources */ = {isa = PBXBuildFile; fileRef = 1BCC03E2159477E800B412F7 /* APICallsViewController.m */; settings = {COMPILER_FLAGS = "-fno-objc-arc"; }; };
		1BCC03E81594791700B412F7 /* APIResultsViewController.m in Sources */ = {isa = PBXBuildFile; fileRef = 1BCC03E4159477E800B412F7 /* APIResultsViewController.m */; settings = {COMPILER_FLAGS = "-fno-objc-arc"; }; };
		1BCC03EA15947C6500B412F7 /* CoreLocation.framework in Frameworks */ = {isa = PBXBuildFile; fileRef = 1BCC03E915947C6500B412F7 /* CoreLocation.framework */; };
		1BFBF67F15B59B4400432214 /* LogInViewController.m in Sources */ = {isa = PBXBuildFile; fileRef = 1B5C059915B59ADD003802FD /* LogInViewController.m */; };
		1BFBF68215B5A63500432214 /* _test.jpg in Resources */ = {isa = PBXBuildFile; fileRef = 1BFBF68115B5A63500432214 /* _test.jpg */; };
/* End PBXBuildFile section */

/* Begin PBXContainerItemProxy section */
		1BCC0345159461F700B412F7 /* PBXContainerItemProxy */ = {
			isa = PBXContainerItemProxy;
			containerPortal = 1BCC0310159461F600B412F7 /* Project object */;
			proxyType = 1;
			remoteGlobalIDString = 1BCC0318159461F600B412F7;
			remoteInfo = DePiction;
		};
/* End PBXContainerItemProxy section */

/* Begin PBXFileReference section */
		1B5C058B15B56468003802FD /* background.jpg */ = {isa = PBXFileReference; lastKnownFileType = image.jpeg; path = background.jpg; sourceTree = "<group>"; };
		1B5C059915B59ADD003802FD /* LogInViewController.m */ = {isa = PBXFileReference; fileEncoding = 4; lastKnownFileType = sourcecode.c.objc; path = LogInViewController.m; sourceTree = "<group>"; };
		1B5C059A15B59ADD003802FD /* LogInViewController.xib */ = {isa = PBXFileReference; fileEncoding = 4; lastKnownFileType = file.xib; path = LogInViewController.xib; sourceTree = "<group>"; };
		1B5C059B15B59ADD003802FD /* LogInViewController.h */ = {isa = PBXFileReference; fileEncoding = 4; lastKnownFileType = sourcecode.c.h; path = LogInViewController.h; sourceTree = "<group>"; };
		1B6C99A315A1F048001DEAE1 /* ASIHTTPRequestConfig.h */ = {isa = PBXFileReference; fileEncoding = 4; lastKnownFileType = sourcecode.c.h; path = ASIHTTPRequestConfig.h; sourceTree = "<group>"; };
		1B6C99A415A1F048001DEAE1 /* ASICacheDelegate.h */ = {isa = PBXFileReference; fileEncoding = 4; lastKnownFileType = sourcecode.c.h; path = ASICacheDelegate.h; sourceTree = "<group>"; };
		1B6C99A515A1F048001DEAE1 /* ASIHTTPRequestDelegate.h */ = {isa = PBXFileReference; fileEncoding = 4; lastKnownFileType = sourcecode.c.h; path = ASIHTTPRequestDelegate.h; sourceTree = "<group>"; };
		1B6C99A615A1F048001DEAE1 /* ASIProgressDelegate.h */ = {isa = PBXFileReference; fileEncoding = 4; lastKnownFileType = sourcecode.c.h; path = ASIProgressDelegate.h; sourceTree = "<group>"; };
		1B6C99A715A1F048001DEAE1 /* ASIAuthenticationDialog.h */ = {isa = PBXFileReference; fileEncoding = 4; lastKnownFileType = sourcecode.c.h; path = ASIAuthenticationDialog.h; sourceTree = "<group>"; };
		1B6C99A815A1F048001DEAE1 /* ASIAuthenticationDialog.m */ = {isa = PBXFileReference; fileEncoding = 4; lastKnownFileType = sourcecode.c.objc; path = ASIAuthenticationDialog.m; sourceTree = "<group>"; };
		1B6C99A915A1F048001DEAE1 /* ASIInputStream.h */ = {isa = PBXFileReference; fileEncoding = 4; lastKnownFileType = sourcecode.c.h; path = ASIInputStream.h; sourceTree = "<group>"; };
		1B6C99AA15A1F048001DEAE1 /* ASIInputStream.m */ = {isa = PBXFileReference; fileEncoding = 4; lastKnownFileType = sourcecode.c.objc; path = ASIInputStream.m; sourceTree = "<group>"; };
		1B6C99AB15A1F048001DEAE1 /* ASIFormDataRequest.h */ = {isa = PBXFileReference; fileEncoding = 4; lastKnownFileType = sourcecode.c.h; path = ASIFormDataRequest.h; sourceTree = "<group>"; };
		1B6C99AC15A1F048001DEAE1 /* ASIFormDataRequest.m */ = {isa = PBXFileReference; fileEncoding = 4; lastKnownFileType = sourcecode.c.objc; path = ASIFormDataRequest.m; sourceTree = "<group>"; };
		1B6C99AD15A1F048001DEAE1 /* ASIHTTPRequest.h */ = {isa = PBXFileReference; fileEncoding = 4; lastKnownFileType = sourcecode.c.h; path = ASIHTTPRequest.h; sourceTree = "<group>"; };
		1B6C99AE15A1F048001DEAE1 /* ASIHTTPRequest.m */ = {isa = PBXFileReference; fileEncoding = 4; lastKnownFileType = sourcecode.c.objc; path = ASIHTTPRequest.m; sourceTree = "<group>"; };
		1B6C99AF15A1F048001DEAE1 /* ASINetworkQueue.h */ = {isa = PBXFileReference; fileEncoding = 4; lastKnownFileType = sourcecode.c.h; path = ASINetworkQueue.h; sourceTree = "<group>"; };
		1B6C99B015A1F048001DEAE1 /* ASINetworkQueue.m */ = {isa = PBXFileReference; fileEncoding = 4; lastKnownFileType = sourcecode.c.objc; path = ASINetworkQueue.m; sourceTree = "<group>"; };
		1B6C99B115A1F048001DEAE1 /* ASIDownloadCache.h */ = {isa = PBXFileReference; fileEncoding = 4; lastKnownFileType = sourcecode.c.h; path = ASIDownloadCache.h; sourceTree = "<group>"; };
		1B6C99B215A1F048001DEAE1 /* ASIDownloadCache.m */ = {isa = PBXFileReference; fileEncoding = 4; lastKnownFileType = sourcecode.c.objc; path = ASIDownloadCache.m; sourceTree = "<group>"; };
		1B6C99B315A1F048001DEAE1 /* ASIDataDecompressor.h */ = {isa = PBXFileReference; fileEncoding = 4; lastKnownFileType = sourcecode.c.h; path = ASIDataDecompressor.h; sourceTree = "<group>"; };
		1B6C99B415A1F048001DEAE1 /* ASIDataDecompressor.m */ = {isa = PBXFileReference; fileEncoding = 4; lastKnownFileType = sourcecode.c.objc; path = ASIDataDecompressor.m; sourceTree = "<group>"; };
		1B6C99B515A1F048001DEAE1 /* ASIDataCompressor.h */ = {isa = PBXFileReference; fileEncoding = 4; lastKnownFileType = sourcecode.c.h; path = ASIDataCompressor.h; sourceTree = "<group>"; };
		1B6C99B615A1F048001DEAE1 /* ASIDataCompressor.m */ = {isa = PBXFileReference; fileEncoding = 4; lastKnownFileType = sourcecode.c.objc; path = ASIDataCompressor.m; sourceTree = "<group>"; };
		1B6C99BF15A1F053001DEAE1 /* Reachability.h */ = {isa = PBXFileReference; fileEncoding = 4; lastKnownFileType = sourcecode.c.h; path = Reachability.h; sourceTree = "<group>"; };
		1B6C99C015A1F053001DEAE1 /* Reachability.m */ = {isa = PBXFileReference; fileEncoding = 4; lastKnownFileType = sourcecode.c.objc; path = Reachability.m; sourceTree = "<group>"; };
		1B88102D15B3FA4C00BF930D /* MessageUI.framework */ = {isa = PBXFileReference; lastKnownFileType = wrapper.framework; name = MessageUI.framework; path = System/Library/Frameworks/MessageUI.framework; sourceTree = SDKROOT; };
		1BAA4C6915A2DF28009094CE /* FBConnect.bundle */ = {isa = PBXFileReference; lastKnownFileType = "wrapper.plug-in"; path = FBConnect.bundle; sourceTree = "<group>"; };
		1BAA4C7E15A2E3BB009094CE /* CFNetwork.framework */ = {isa = PBXFileReference; lastKnownFileType = wrapper.framework; name = CFNetwork.framework; path = System/Library/Frameworks/CFNetwork.framework; sourceTree = SDKROOT; };
		1BAA4C8015A2E3C5009094CE /* MobileCoreServices.framework */ = {isa = PBXFileReference; lastKnownFileType = wrapper.framework; name = MobileCoreServices.framework; path = System/Library/Frameworks/MobileCoreServices.framework; sourceTree = SDKROOT; };
		1BAA4C8215A2E3D0009094CE /* SystemConfiguration.framework */ = {isa = PBXFileReference; lastKnownFileType = wrapper.framework; name = SystemConfiguration.framework; path = System/Library/Frameworks/SystemConfiguration.framework; sourceTree = SDKROOT; };
		1BAA4C8415A2E49D009094CE /* libz.dylib */ = {isa = PBXFileReference; lastKnownFileType = "compiled.mach-o.dylib"; name = libz.dylib; path = usr/lib/libz.dylib; sourceTree = SDKROOT; };
		1BCC0319159461F600B412F7 /* DePiction.app */ = {isa = PBXFileReference; explicitFileType = wrapper.application; includeInIndex = 0; path = DePiction.app; sourceTree = BUILT_PRODUCTS_DIR; };
		1BCC031D159461F600B412F7 /* UIKit.framework */ = {isa = PBXFileReference; lastKnownFileType = wrapper.framework; name = UIKit.framework; path = System/Library/Frameworks/UIKit.framework; sourceTree = SDKROOT; };
		1BCC031F159461F600B412F7 /* Foundation.framework */ = {isa = PBXFileReference; lastKnownFileType = wrapper.framework; name = Foundation.framework; path = System/Library/Frameworks/Foundation.framework; sourceTree = SDKROOT; };
		1BCC0321159461F600B412F7 /* CoreGraphics.framework */ = {isa = PBXFileReference; lastKnownFileType = wrapper.framework; name = CoreGraphics.framework; path = System/Library/Frameworks/CoreGraphics.framework; sourceTree = SDKROOT; };
		1BCC0325159461F600B412F7 /* DePiction-Info.plist */ = {isa = PBXFileReference; lastKnownFileType = text.plist.xml; path = "DePiction-Info.plist"; sourceTree = "<group>"; };
		1BCC0327159461F600B412F7 /* en */ = {isa = PBXFileReference; lastKnownFileType = text.plist.strings; name = en; path = en.lproj/InfoPlist.strings; sourceTree = "<group>"; };
		1BCC0329159461F600B412F7 /* main.m */ = {isa = PBXFileReference; lastKnownFileType = sourcecode.c.objc; path = main.m; sourceTree = "<group>"; };
		1BCC032B159461F600B412F7 /* DePiction-Prefix.pch */ = {isa = PBXFileReference; lastKnownFileType = sourcecode.c.h; path = "DePiction-Prefix.pch"; sourceTree = "<group>"; };
		1BCC032C159461F600B412F7 /* AppDelegate.h */ = {isa = PBXFileReference; lastKnownFileType = sourcecode.c.h; path = AppDelegate.h; sourceTree = "<group>"; };
		1BCC032D159461F600B412F7 /* AppDelegate.m */ = {isa = PBXFileReference; lastKnownFileType = sourcecode.c.objc; path = AppDelegate.m; sourceTree = "<group>"; };
		1BCC032F159461F600B412F7 /* MasterViewController.h */ = {isa = PBXFileReference; lastKnownFileType = sourcecode.c.h; path = MasterViewController.h; sourceTree = "<group>"; };
		1BCC0330159461F600B412F7 /* MasterViewController.m */ = {isa = PBXFileReference; lastKnownFileType = sourcecode.c.objc; path = MasterViewController.m; sourceTree = "<group>"; };
		1BCC0332159461F600B412F7 /* DetailViewController.h */ = {isa = PBXFileReference; lastKnownFileType = sourcecode.c.h; path = DetailViewController.h; sourceTree = "<group>"; };
		1BCC0333159461F600B412F7 /* DetailViewController.m */ = {isa = PBXFileReference; lastKnownFileType = sourcecode.c.objc; path = DetailViewController.m; sourceTree = "<group>"; };
		1BCC0336159461F600B412F7 /* en */ = {isa = PBXFileReference; lastKnownFileType = file.xib; name = en; path = en.lproj/MasterViewController.xib; sourceTree = "<group>"; };
		1BCC0339159461F600B412F7 /* en */ = {isa = PBXFileReference; lastKnownFileType = file.xib; name = en; path = en.lproj/DetailViewController.xib; sourceTree = "<group>"; };
		1BCC0340159461F700B412F7 /* DePictionTests.octest */ = {isa = PBXFileReference; explicitFileType = wrapper.cfbundle; includeInIndex = 0; path = DePictionTests.octest; sourceTree = BUILT_PRODUCTS_DIR; };
		1BCC0341159461F700B412F7 /* SenTestingKit.framework */ = {isa = PBXFileReference; lastKnownFileType = wrapper.framework; name = SenTestingKit.framework; path = Library/Frameworks/SenTestingKit.framework; sourceTree = DEVELOPER_DIR; };
		1BCC0349159461F700B412F7 /* DePictionTests-Info.plist */ = {isa = PBXFileReference; lastKnownFileType = text.plist.xml; path = "DePictionTests-Info.plist"; sourceTree = "<group>"; };
		1BCC034B159461F700B412F7 /* en */ = {isa = PBXFileReference; lastKnownFileType = text.plist.strings; name = en; path = en.lproj/InfoPlist.strings; sourceTree = "<group>"; };
		1BCC034D159461F700B412F7 /* DePictionTests.h */ = {isa = PBXFileReference; lastKnownFileType = sourcecode.c.h; path = DePictionTests.h; sourceTree = "<group>"; };
		1BCC034E159461F700B412F7 /* DePictionTests.m */ = {isa = PBXFileReference; lastKnownFileType = sourcecode.c.objc; path = DePictionTests.m; sourceTree = "<group>"; };
		1BCC03CC159472B000B412F7 /* Facebook.h */ = {isa = PBXFileReference; fileEncoding = 4; lastKnownFileType = sourcecode.c.h; path = Facebook.h; sourceTree = "<group>"; };
		1BCC03CD159472B000B412F7 /* FBConnect.h */ = {isa = PBXFileReference; fileEncoding = 4; lastKnownFileType = sourcecode.c.h; path = FBConnect.h; sourceTree = "<group>"; };
		1BCC03CE159472B000B412F7 /* FBDialog.bundle */ = {isa = PBXFileReference; lastKnownFileType = "wrapper.plug-in"; path = FBDialog.bundle; sourceTree = "<group>"; };
		1BCC03CF159472B000B412F7 /* FBDialog.h */ = {isa = PBXFileReference; fileEncoding = 4; lastKnownFileType = sourcecode.c.h; path = FBDialog.h; sourceTree = "<group>"; };
		1BCC03D0159472B000B412F7 /* FBFrictionlessRequestSettings.h */ = {isa = PBXFileReference; fileEncoding = 4; lastKnownFileType = sourcecode.c.h; path = FBFrictionlessRequestSettings.h; sourceTree = "<group>"; };
		1BCC03D1159472B000B412F7 /* FBLoginDialog.h */ = {isa = PBXFileReference; fileEncoding = 4; lastKnownFileType = sourcecode.c.h; path = FBLoginDialog.h; sourceTree = "<group>"; };
		1BCC03D2159472B000B412F7 /* FBRequest.h */ = {isa = PBXFileReference; fileEncoding = 4; lastKnownFileType = sourcecode.c.h; path = FBRequest.h; sourceTree = "<group>"; };
		1BCC03D3159472B000B412F7 /* JSON.h */ = {isa = PBXFileReference; fileEncoding = 4; lastKnownFileType = sourcecode.c.h; path = JSON.h; sourceTree = "<group>"; };
		1BCC03D4159472B000B412F7 /* libfacebook_ios_sdk.a */ = {isa = PBXFileReference; lastKnownFileType = archive.ar; path = libfacebook_ios_sdk.a; sourceTree = "<group>"; };
		1BCC03D5159472B000B412F7 /* NSObject+SBJSON.h */ = {isa = PBXFileReference; fileEncoding = 4; lastKnownFileType = sourcecode.c.h; path = "NSObject+SBJSON.h"; sourceTree = "<group>"; };
		1BCC03D6159472B000B412F7 /* NSString+SBJSON.h */ = {isa = PBXFileReference; fileEncoding = 4; lastKnownFileType = sourcecode.c.h; path = "NSString+SBJSON.h"; sourceTree = "<group>"; };
		1BCC03D7159472B000B412F7 /* SBJSON.h */ = {isa = PBXFileReference; fileEncoding = 4; lastKnownFileType = sourcecode.c.h; path = SBJSON.h; sourceTree = "<group>"; };
		1BCC03D8159472B000B412F7 /* SBJsonBase.h */ = {isa = PBXFileReference; fileEncoding = 4; lastKnownFileType = sourcecode.c.h; path = SBJsonBase.h; sourceTree = "<group>"; };
		1BCC03D9159472B000B412F7 /* SBJsonParser.h */ = {isa = PBXFileReference; fileEncoding = 4; lastKnownFileType = sourcecode.c.h; path = SBJsonParser.h; sourceTree = "<group>"; };
		1BCC03DA159472B000B412F7 /* SBJsonWriter.h */ = {isa = PBXFileReference; fileEncoding = 4; lastKnownFileType = sourcecode.c.h; path = SBJsonWriter.h; sourceTree = "<group>"; };
		1BCC03DD1594766D00B412F7 /* DataSet.h */ = {isa = PBXFileReference; fileEncoding = 4; lastKnownFileType = sourcecode.c.h; path = DataSet.h; sourceTree = "<group>"; };
		1BCC03DE1594766E00B412F7 /* DataSet.m */ = {isa = PBXFileReference; fileEncoding = 4; lastKnownFileType = sourcecode.c.objc; path = DataSet.m; sourceTree = "<group>"; };
		1BCC03E1159477E800B412F7 /* APICallsViewController.h */ = {isa = PBXFileReference; fileEncoding = 4; lastKnownFileType = sourcecode.c.h; path = APICallsViewController.h; sourceTree = "<group>"; };
		1BCC03E2159477E800B412F7 /* APICallsViewController.m */ = {isa = PBXFileReference; fileEncoding = 4; lastKnownFileType = sourcecode.c.objc; path = APICallsViewController.m; sourceTree = "<group>"; };
		1BCC03E3159477E800B412F7 /* APIResultsViewController.h */ = {isa = PBXFileReference; fileEncoding = 4; lastKnownFileType = sourcecode.c.h; path = APIResultsViewController.h; sourceTree = "<group>"; };
		1BCC03E4159477E800B412F7 /* APIResultsViewController.m */ = {isa = PBXFileReference; fileEncoding = 4; lastKnownFileType = sourcecode.c.objc; path = APIResultsViewController.m; sourceTree = "<group>"; };
		1BCC03E915947C6500B412F7 /* CoreLocation.framework */ = {isa = PBXFileReference; lastKnownFileType = wrapper.framework; name = CoreLocation.framework; path = System/Library/Frameworks/CoreLocation.framework; sourceTree = SDKROOT; };
		1BFBF68115B5A63500432214 /* _test.jpg */ = {isa = PBXFileReference; lastKnownFileType = image.jpeg; path = _test.jpg; sourceTree = "<group>"; };
/* End PBXFileReference section */

/* Begin PBXFrameworksBuildPhase section */
		1BCC0316159461F600B412F7 /* Frameworks */ = {
			isa = PBXFrameworksBuildPhase;
			buildActionMask = 2147483647;
			files = (
				1B88102E15B3FA4C00BF930D /* MessageUI.framework in Frameworks */,
				1BAA4C8515A2E49D009094CE /* libz.dylib in Frameworks */,
				1BAA4C8315A2E3D0009094CE /* SystemConfiguration.framework in Frameworks */,
				1BAA4C8115A2E3C5009094CE /* MobileCoreServices.framework in Frameworks */,
				1BAA4C7F15A2E3BB009094CE /* CFNetwork.framework in Frameworks */,
				1BCC03EA15947C6500B412F7 /* CoreLocation.framework in Frameworks */,
				1BCC031E159461F600B412F7 /* UIKit.framework in Frameworks */,
				1BCC0320159461F600B412F7 /* Foundation.framework in Frameworks */,
				1BCC0322159461F600B412F7 /* CoreGraphics.framework in Frameworks */,
				1BCC03DC159472B000B412F7 /* libfacebook_ios_sdk.a in Frameworks */,
			);
			runOnlyForDeploymentPostprocessing = 0;
		};
		1BCC033C159461F700B412F7 /* Frameworks */ = {
			isa = PBXFrameworksBuildPhase;
			buildActionMask = 2147483647;
			files = (
				1BCC0342159461F700B412F7 /* SenTestingKit.framework in Frameworks */,
				1BCC0343159461F700B412F7 /* UIKit.framework in Frameworks */,
				1BCC0344159461F700B412F7 /* Foundation.framework in Frameworks */,
			);
			runOnlyForDeploymentPostprocessing = 0;
		};
/* End PBXFrameworksBuildPhase section */

/* Begin PBXGroup section */
		1B5C058A15B5645E003802FD /* img */ = {
			isa = PBXGroup;
			children = (
				1B5C058B15B56468003802FD /* background.jpg */,
			);
			name = img;
			sourceTree = "<group>";
		};
		1B6C99A115A1F026001DEAE1 /* Reachability */ = {
			isa = PBXGroup;
			children = (
				1B6C99BF15A1F053001DEAE1 /* Reachability.h */,
				1B6C99C015A1F053001DEAE1 /* Reachability.m */,
			);
			name = Reachability;
			sourceTree = "<group>";
		};
		1B6C99A215A1F035001DEAE1 /* ASIHTTP */ = {
			isa = PBXGroup;
			children = (
				1B6C99A315A1F048001DEAE1 /* ASIHTTPRequestConfig.h */,
				1B6C99A415A1F048001DEAE1 /* ASICacheDelegate.h */,
				1B6C99A515A1F048001DEAE1 /* ASIHTTPRequestDelegate.h */,
				1B6C99A615A1F048001DEAE1 /* ASIProgressDelegate.h */,
				1B6C99A715A1F048001DEAE1 /* ASIAuthenticationDialog.h */,
				1B6C99A815A1F048001DEAE1 /* ASIAuthenticationDialog.m */,
				1B6C99A915A1F048001DEAE1 /* ASIInputStream.h */,
				1B6C99AA15A1F048001DEAE1 /* ASIInputStream.m */,
				1B6C99AB15A1F048001DEAE1 /* ASIFormDataRequest.h */,
				1B6C99AC15A1F048001DEAE1 /* ASIFormDataRequest.m */,
				1B6C99AD15A1F048001DEAE1 /* ASIHTTPRequest.h */,
				1B6C99AE15A1F048001DEAE1 /* ASIHTTPRequest.m */,
				1B6C99AF15A1F048001DEAE1 /* ASINetworkQueue.h */,
				1B6C99B015A1F048001DEAE1 /* ASINetworkQueue.m */,
				1B6C99B115A1F048001DEAE1 /* ASIDownloadCache.h */,
				1B6C99B215A1F048001DEAE1 /* ASIDownloadCache.m */,
				1B6C99B315A1F048001DEAE1 /* ASIDataDecompressor.h */,
				1B6C99B415A1F048001DEAE1 /* ASIDataDecompressor.m */,
				1B6C99B515A1F048001DEAE1 /* ASIDataCompressor.h */,
				1B6C99B615A1F048001DEAE1 /* ASIDataCompressor.m */,
			);
			name = ASIHTTP;
			sourceTree = "<group>";
		};
		1BCC030E159461F600B412F7 = {
			isa = PBXGroup;
			children = (
				1BFBF68015B5A62000432214 /* JSON */,
				1BAA4C6915A2DF28009094CE /* FBConnect.bundle */,
				1BCC03CB159472B000B412F7 /* facebook-ios-sdk */,
				1BCC0323159461F600B412F7 /* DePiction */,
				1BCC0347159461F700B412F7 /* DePictionTests */,
				1BCC031C159461F600B412F7 /* Frameworks */,
				1BCC031A159461F600B412F7 /* Products */,
			);
			sourceTree = "<group>";
		};
		1BCC031A159461F600B412F7 /* Products */ = {
			isa = PBXGroup;
			children = (
				1BCC0319159461F600B412F7 /* DePiction.app */,
				1BCC0340159461F700B412F7 /* DePictionTests.octest */,
			);
			name = Products;
			sourceTree = "<group>";
		};
		1BCC031C159461F600B412F7 /* Frameworks */ = {
			isa = PBXGroup;
			children = (
				1BAA4C8415A2E49D009094CE /* libz.dylib */,
				1B88102D15B3FA4C00BF930D /* MessageUI.framework */,
				1BAA4C8215A2E3D0009094CE /* SystemConfiguration.framework */,
				1BAA4C8015A2E3C5009094CE /* MobileCoreServices.framework */,
				1BAA4C7E15A2E3BB009094CE /* CFNetwork.framework */,
				1BCC03E915947C6500B412F7 /* CoreLocation.framework */,
				1BCC031D159461F600B412F7 /* UIKit.framework */,
				1BCC031F159461F600B412F7 /* Foundation.framework */,
				1BCC0321159461F600B412F7 /* CoreGraphics.framework */,
				1BCC0341159461F700B412F7 /* SenTestingKit.framework */,
			);
			name = Frameworks;
			sourceTree = "<group>";
		};
		1BCC0323159461F600B412F7 /* DePiction */ = {
			isa = PBXGroup;
			children = (
				1B5C058A15B5645E003802FD /* img */,
				1B6C99A215A1F035001DEAE1 /* ASIHTTP */,
				1B6C99A115A1F026001DEAE1 /* Reachability */,
				1BCC032C159461F600B412F7 /* AppDelegate.h */,
				1BCC032D159461F600B412F7 /* AppDelegate.m */,
				1B5C059B15B59ADD003802FD /* LogInViewController.h */,
				1B5C059915B59ADD003802FD /* LogInViewController.m */,
				1B5C059A15B59ADD003802FD /* LogInViewController.xib */,
				1BCC032F159461F600B412F7 /* MasterViewController.h */,
				1BCC0330159461F600B412F7 /* MasterViewController.m */,
				1BCC0335159461F600B412F7 /* MasterViewController.xib */,
				1BCC0332159461F600B412F7 /* DetailViewController.h */,
				1BCC0333159461F600B412F7 /* DetailViewController.m */,
				1BCC0338159461F600B412F7 /* DetailViewController.xib */,
				1BCC03E1159477E800B412F7 /* APICallsViewController.h */,
				1BCC03E2159477E800B412F7 /* APICallsViewController.m */,
				1BCC03E3159477E800B412F7 /* APIResultsViewController.h */,
				1BCC03E4159477E800B412F7 /* APIResultsViewController.m */,
				1BCC03DD1594766D00B412F7 /* DataSet.h */,
				1BCC03DE1594766E00B412F7 /* DataSet.m */,
				1BCC0324159461F600B412F7 /* Supporting Files */,
			);
			path = DePiction;
			sourceTree = "<group>";
		};
		1BCC0324159461F600B412F7 /* Supporting Files */ = {
			isa = PBXGroup;
			children = (
				1BCC0325159461F600B412F7 /* DePiction-Info.plist */,
				1BCC0326159461F600B412F7 /* InfoPlist.strings */,
				1BCC0329159461F600B412F7 /* main.m */,
				1BCC032B159461F600B412F7 /* DePiction-Prefix.pch */,
			);
			name = "Supporting Files";
			sourceTree = "<group>";
		};
		1BCC0347159461F700B412F7 /* DePictionTests */ = {
			isa = PBXGroup;
			children = (
				1BCC034D159461F700B412F7 /* DePictionTests.h */,
				1BCC034E159461F700B412F7 /* DePictionTests.m */,
				1BCC0348159461F700B412F7 /* Supporting Files */,
			);
			path = DePictionTests;
			sourceTree = "<group>";
		};
		1BCC0348159461F700B412F7 /* Supporting Files */ = {
			isa = PBXGroup;
			children = (
				1BCC0349159461F700B412F7 /* DePictionTests-Info.plist */,
				1BCC034A159461F700B412F7 /* InfoPlist.strings */,
			);
			name = "Supporting Files";
			sourceTree = "<group>";
		};
		1BCC03CB159472B000B412F7 /* facebook-ios-sdk */ = {
			isa = PBXGroup;
			children = (
				1BCC03CC159472B000B412F7 /* Facebook.h */,
				1BCC03CD159472B000B412F7 /* FBConnect.h */,
				1BCC03CE159472B000B412F7 /* FBDialog.bundle */,
				1BCC03CF159472B000B412F7 /* FBDialog.h */,
				1BCC03D0159472B000B412F7 /* FBFrictionlessRequestSettings.h */,
				1BCC03D1159472B000B412F7 /* FBLoginDialog.h */,
				1BCC03D2159472B000B412F7 /* FBRequest.h */,
				1BCC03D3159472B000B412F7 /* JSON.h */,
				1BCC03D4159472B000B412F7 /* libfacebook_ios_sdk.a */,
				1BCC03D5159472B000B412F7 /* NSObject+SBJSON.h */,
				1BCC03D6159472B000B412F7 /* NSString+SBJSON.h */,
				1BCC03D7159472B000B412F7 /* SBJSON.h */,
				1BCC03D8159472B000B412F7 /* SBJsonBase.h */,
				1BCC03D9159472B000B412F7 /* SBJsonParser.h */,
				1BCC03DA159472B000B412F7 /* SBJsonWriter.h */,
			);
			path = "facebook-ios-sdk";
			sourceTree = "<group>";
		};
		1BFBF68015B5A62000432214 /* JSON */ = {
			isa = PBXGroup;
			children = (
				1BFBF68115B5A63500432214 /* _test.jpg */,
			);
			name = JSON;
			sourceTree = "<group>";
		};
/* End PBXGroup section */

/* Begin PBXNativeTarget section */
		1BCC0318159461F600B412F7 /* DePiction */ = {
			isa = PBXNativeTarget;
			buildConfigurationList = 1BCC0352159461F700B412F7 /* Build configuration list for PBXNativeTarget "DePiction" */;
			buildPhases = (
				1BCC0315159461F600B412F7 /* Sources */,
				1BCC0316159461F600B412F7 /* Frameworks */,
				1BCC0317159461F600B412F7 /* Resources */,
			);
			buildRules = (
			);
			dependencies = (
			);
			name = DePiction;
			productName = DePiction;
			productReference = 1BCC0319159461F600B412F7 /* DePiction.app */;
			productType = "com.apple.product-type.application";
		};
		1BCC033F159461F700B412F7 /* DePictionTests */ = {
			isa = PBXNativeTarget;
			buildConfigurationList = 1BCC0355159461F700B412F7 /* Build configuration list for PBXNativeTarget "DePictionTests" */;
			buildPhases = (
				1BCC033B159461F700B412F7 /* Sources */,
				1BCC033C159461F700B412F7 /* Frameworks */,
				1BCC033D159461F700B412F7 /* Resources */,
				1BCC033E159461F700B412F7 /* ShellScript */,
			);
			buildRules = (
			);
			dependencies = (
				1BCC0346159461F700B412F7 /* PBXTargetDependency */,
			);
			name = DePictionTests;
			productName = DePictionTests;
			productReference = 1BCC0340159461F700B412F7 /* DePictionTests.octest */;
			productType = "com.apple.product-type.bundle";
		};
/* End PBXNativeTarget section */

/* Begin PBXProject section */
		1BCC0310159461F600B412F7 /* Project object */ = {
			isa = PBXProject;
			attributes = {
				LastUpgradeCheck = 0430;
			};
			buildConfigurationList = 1BCC0313159461F600B412F7 /* Build configuration list for PBXProject "DePiction" */;
			compatibilityVersion = "Xcode 3.2";
			developmentRegion = English;
			hasScannedForEncodings = 0;
			knownRegions = (
				en,
			);
			mainGroup = 1BCC030E159461F600B412F7;
			productRefGroup = 1BCC031A159461F600B412F7 /* Products */;
			projectDirPath = "";
			projectRoot = "";
			targets = (
				1BCC0318159461F600B412F7 /* DePiction */,
				1BCC033F159461F700B412F7 /* DePictionTests */,
			);
		};
/* End PBXProject section */

/* Begin PBXResourcesBuildPhase section */
		1BCC0317159461F600B412F7 /* Resources */ = {
			isa = PBXResourcesBuildPhase;
			buildActionMask = 2147483647;
			files = (
				1BCC0328159461F600B412F7 /* InfoPlist.strings in Resources */,
				1BCC0337159461F600B412F7 /* MasterViewController.xib in Resources */,
				1BCC033A159461F600B412F7 /* DetailViewController.xib in Resources */,
				1BCC03DB159472B000B412F7 /* FBDialog.bundle in Resources */,
				1BAA4C6A15A2DF28009094CE /* FBConnect.bundle in Resources */,
				1B5C058C15B56468003802FD /* background.jpg in Resources */,
				1BFBF68215B5A63500432214 /* _test.jpg in Resources */,
			);
			runOnlyForDeploymentPostprocessing = 0;
		};
		1BCC033D159461F700B412F7 /* Resources */ = {
			isa = PBXResourcesBuildPhase;
			buildActionMask = 2147483647;
			files = (
				1BCC034C159461F700B412F7 /* InfoPlist.strings in Resources */,
				1B5C059D15B59ADD003802FD /* LogInViewController.xib in Resources */,
			);
			runOnlyForDeploymentPostprocessing = 0;
		};
/* End PBXResourcesBuildPhase section */

/* Begin PBXShellScriptBuildPhase section */
		1BCC033E159461F700B412F7 /* ShellScript */ = {
			isa = PBXShellScriptBuildPhase;
			buildActionMask = 2147483647;
			files = (
			);
			inputPaths = (
			);
			outputPaths = (
			);
			runOnlyForDeploymentPostprocessing = 0;
			shellPath = /bin/sh;
			shellScript = "# Run the unit tests in this test bundle.\n\"${SYSTEM_DEVELOPER_DIR}/Tools/RunUnitTests\"\n";
		};
/* End PBXShellScriptBuildPhase section */

/* Begin PBXSourcesBuildPhase section */
		1BCC0315159461F600B412F7 /* Sources */ = {
			isa = PBXSourcesBuildPhase;
			buildActionMask = 2147483647;
			files = (
				1BFBF67F15B59B4400432214 /* LogInViewController.m in Sources */,
				1BAA4C7715A2E308009094CE /* ASIFormDataRequest.m in Sources */,
				1BAA4C7815A2E308009094CE /* ASIHTTPRequest.m in Sources */,
				1BAA4C7915A2E308009094CE /* ASINetworkQueue.m in Sources */,
				1BAA4C7A15A2E308009094CE /* ASIDownloadCache.m in Sources */,
				1BAA4C7B15A2E308009094CE /* ASIDataDecompressor.m in Sources */,
				1BAA4C7C15A2E308009094CE /* ASIDataCompressor.m in Sources */,
				1BAA4C7D15A2E308009094CE /* Reachability.m in Sources */,
				1BAA4C7615A2E2FB009094CE /* ASIInputStream.m in Sources */,
				1BAA4C7515A2E2F6009094CE /* ASIAuthenticationDialog.m in Sources */,
				1BCC03E81594791700B412F7 /* APIResultsViewController.m in Sources */,
				1BCC03E71594791000B412F7 /* APICallsViewController.m in Sources */,
				1BCC03E01594775D00B412F7 /* DataSet.m in Sources */,
				1BCC032A159461F600B412F7 /* main.m in Sources */,
				1BCC032E159461F600B412F7 /* AppDelegate.m in Sources */,
				1BCC0331159461F600B412F7 /* MasterViewController.m in Sources */,
				1BCC0334159461F600B412F7 /* DetailViewController.m in Sources */,
			);
			runOnlyForDeploymentPostprocessing = 0;
		};
		1BCC033B159461F700B412F7 /* Sources */ = {
			isa = PBXSourcesBuildPhase;
			buildActionMask = 2147483647;
			files = (
				1BCC034F159461F700B412F7 /* DePictionTests.m in Sources */,
				1BCC03DF1594766E00B412F7 /* DataSet.m in Sources */,
				1BCC03E5159477E900B412F7 /* APICallsViewController.m in Sources */,
				1BCC03E6159477E900B412F7 /* APIResultsViewController.m in Sources */,
				1B6C99B715A1F048001DEAE1 /* ASIAuthenticationDialog.m in Sources */,
				1B6C99B815A1F048001DEAE1 /* ASIInputStream.m in Sources */,
				1B6C99B915A1F048001DEAE1 /* ASIFormDataRequest.m in Sources */,
				1B6C99BA15A1F048001DEAE1 /* ASIHTTPRequest.m in Sources */,
				1B6C99BB15A1F048001DEAE1 /* ASINetworkQueue.m in Sources */,
				1B6C99BC15A1F048001DEAE1 /* ASIDownloadCache.m in Sources */,
				1B6C99BD15A1F048001DEAE1 /* ASIDataDecompressor.m in Sources */,
				1B6C99BE15A1F048001DEAE1 /* ASIDataCompressor.m in Sources */,
				1B6C99C115A1F053001DEAE1 /* Reachability.m in Sources */,
				1B5C059C15B59ADD003802FD /* LogInViewController.m in Sources */,
			);
			runOnlyForDeploymentPostprocessing = 0;
		};
/* End PBXSourcesBuildPhase section */

/* Begin PBXTargetDependency section */
		1BCC0346159461F700B412F7 /* PBXTargetDependency */ = {
			isa = PBXTargetDependency;
			target = 1BCC0318159461F600B412F7 /* DePiction */;
			targetProxy = 1BCC0345159461F700B412F7 /* PBXContainerItemProxy */;
		};
/* End PBXTargetDependency section */

/* Begin PBXVariantGroup section */
		1BCC0326159461F600B412F7 /* InfoPlist.strings */ = {
			isa = PBXVariantGroup;
			children = (
				1BCC0327159461F600B412F7 /* en */,
			);
			name = InfoPlist.strings;
			sourceTree = "<group>";
		};
		1BCC0335159461F600B412F7 /* MasterViewController.xib */ = {
			isa = PBXVariantGroup;
			children = (
				1BCC0336159461F600B412F7 /* en */,
			);
			name = MasterViewController.xib;
			sourceTree = "<group>";
		};
		1BCC0338159461F600B412F7 /* DetailViewController.xib */ = {
			isa = PBXVariantGroup;
			children = (
				1BCC0339159461F600B412F7 /* en */,
			);
			name = DetailViewController.xib;
			sourceTree = "<group>";
		};
		1BCC034A159461F700B412F7 /* InfoPlist.strings */ = {
			isa = PBXVariantGroup;
			children = (
				1BCC034B159461F700B412F7 /* en */,
			);
			name = InfoPlist.strings;
			sourceTree = "<group>";
		};
/* End PBXVariantGroup section */

/* Begin XCBuildConfiguration section */
		1BCC0350159461F700B412F7 /* Debug */ = {
			isa = XCBuildConfiguration;
			buildSettings = {
				ALWAYS_SEARCH_USER_PATHS = NO;
				ARCHS = "$(ARCHS_STANDARD_32_BIT)";
				CLANG_ENABLE_OBJC_ARC = YES;
				"CODE_SIGN_IDENTITY[sdk=iphoneos*]" = "iPhone Developer";
				COPY_PHASE_STRIP = NO;
				GCC_C_LANGUAGE_STANDARD = gnu99;
				GCC_DYNAMIC_NO_PIC = NO;
				GCC_OPTIMIZATION_LEVEL = 0;
				GCC_PREPROCESSOR_DEFINITIONS = (
					"DEBUG=1",
					"$(inherited)",
				);
				GCC_SYMBOLS_PRIVATE_EXTERN = NO;
				GCC_VERSION = com.apple.compilers.llvm.clang.1_0;
				GCC_WARN_ABOUT_RETURN_TYPE = YES;
				GCC_WARN_UNINITIALIZED_AUTOS = YES;
				GCC_WARN_UNUSED_VARIABLE = YES;
				IPHONEOS_DEPLOYMENT_TARGET = 5.1;
				SDKROOT = iphoneos;
			};
			name = Debug;
		};
		1BCC0351159461F700B412F7 /* Release */ = {
			isa = XCBuildConfiguration;
			buildSettings = {
				ALWAYS_SEARCH_USER_PATHS = NO;
				ARCHS = "$(ARCHS_STANDARD_32_BIT)";
				CLANG_ENABLE_OBJC_ARC = YES;
				"CODE_SIGN_IDENTITY[sdk=iphoneos*]" = "iPhone Developer";
				COPY_PHASE_STRIP = YES;
				GCC_C_LANGUAGE_STANDARD = gnu99;
				GCC_VERSION = com.apple.compilers.llvm.clang.1_0;
				GCC_WARN_ABOUT_RETURN_TYPE = YES;
				GCC_WARN_UNINITIALIZED_AUTOS = YES;
				GCC_WARN_UNUSED_VARIABLE = YES;
				IPHONEOS_DEPLOYMENT_TARGET = 5.1;
				OTHER_CFLAGS = "-DNS_BLOCK_ASSERTIONS=1";
				SDKROOT = iphoneos;
				VALIDATE_PRODUCT = YES;
			};
			name = Release;
		};
		1BCC0353159461F700B412F7 /* Debug */ = {
			isa = XCBuildConfiguration;
			buildSettings = {
				GCC_PRECOMPILE_PREFIX_HEADER = YES;
				GCC_PREFIX_HEADER = "DePiction/DePiction-Prefix.pch";
				INFOPLIST_FILE = "DePiction/DePiction-Info.plist";
				LIBRARY_SEARCH_PATHS = (
					"$(inherited)",
					"\"$(SRCROOT)/facebook-ios-sdk\"",
				);
				PRODUCT_NAME = "$(TARGET_NAME)";
				WRAPPER_EXTENSION = app;
			};
			name = Debug;
		};
		1BCC0354159461F700B412F7 /* Release */ = {
			isa = XCBuildConfiguration;
			buildSettings = {
				GCC_PRECOMPILE_PREFIX_HEADER = YES;
				GCC_PREFIX_HEADER = "DePiction/DePiction-Prefix.pch";
				INFOPLIST_FILE = "DePiction/DePiction-Info.plist";
				LIBRARY_SEARCH_PATHS = (
					"$(inherited)",
					"\"$(SRCROOT)/facebook-ios-sdk\"",
				);
				PRODUCT_NAME = "$(TARGET_NAME)";
				WRAPPER_EXTENSION = app;
			};
			name = Release;
		};
		1BCC0356159461F700B412F7 /* Debug */ = {
			isa = XCBuildConfiguration;
			buildSettings = {
				BUNDLE_LOADER = "$(BUILT_PRODUCTS_DIR)/DePiction.app/DePiction";
				FRAMEWORK_SEARCH_PATHS = (
					"$(SDKROOT)/Developer/Library/Frameworks",
					"$(DEVELOPER_LIBRARY_DIR)/Frameworks",
				);
				GCC_PRECOMPILE_PREFIX_HEADER = YES;
				GCC_PREFIX_HEADER = "DePiction/DePiction-Prefix.pch";
				INFOPLIST_FILE = "DePictionTests/DePictionTests-Info.plist";
				PRODUCT_NAME = "$(TARGET_NAME)";
				TEST_HOST = "$(BUNDLE_LOADER)";
				WRAPPER_EXTENSION = octest;
			};
			name = Debug;
		};
		1BCC0357159461F700B412F7 /* Release */ = {
			isa = XCBuildConfiguration;
			buildSettings = {
				BUNDLE_LOADER = "$(BUILT_PRODUCTS_DIR)/DePiction.app/DePiction";
				FRAMEWORK_SEARCH_PATHS = (
					"$(SDKROOT)/Developer/Library/Frameworks",
					"$(DEVELOPER_LIBRARY_DIR)/Frameworks",
				);
				GCC_PRECOMPILE_PREFIX_HEADER = YES;
				GCC_PREFIX_HEADER = "DePiction/DePiction-Prefix.pch";
				INFOPLIST_FILE = "DePictionTests/DePictionTests-Info.plist";
				PRODUCT_NAME = "$(TARGET_NAME)";
				TEST_HOST = "$(BUNDLE_LOADER)";
				WRAPPER_EXTENSION = octest;
			};
			name = Release;
		};
/* End XCBuildConfiguration section */

/* Begin XCConfigurationList section */
		1BCC0313159461F600B412F7 /* Build configuration list for PBXProject "DePiction" */ = {
			isa = XCConfigurationList;
			buildConfigurations = (
				1BCC0350159461F700B412F7 /* Debug */,
				1BCC0351159461F700B412F7 /* Release */,
			);
			defaultConfigurationIsVisible = 0;
			defaultConfigurationName = Release;
		};
		1BCC0352159461F700B412F7 /* Build configuration list for PBXNativeTarget "DePiction" */ = {
			isa = XCConfigurationList;
			buildConfigurations = (
				1BCC0353159461F700B412F7 /* Debug */,
				1BCC0354159461F700B412F7 /* Release */,
			);
			defaultConfigurationIsVisible = 0;
			defaultConfigurationName = Release;
		};
		1BCC0355159461F700B412F7 /* Build configuration list for PBXNativeTarget "DePictionTests" */ = {
			isa = XCConfigurationList;
			buildConfigurations = (
				1BCC0356159461F700B412F7 /* Debug */,
				1BCC0357159461F700B412F7 /* Release */,
			);
			defaultConfigurationIsVisible = 0;
			defaultConfigurationName = Release;
		};
/* End XCConfigurationList section */
	};
	rootObject = 1BCC0310159461F600B412F7 /* Project object */;
}
